
Microsoft Visual Studio Solution File, Format Version 12.00
# Visual Studio Version 16
VisualStudioVersion = 16.0.29411.108
MinimumVisualStudioVersion = 10.0.40219.1
Project("{9A19103F-16F7-4668-BE54-9A1E7A4F7556}") = "DTShop.PaymentService", "DTShop.PaymentService\DTShop.PaymentService.csproj", "{3B8D1F62-8E04-43F1-8351-60E7B3A0C6B3}"
EndProject
Project("{9A19103F-16F7-4668-BE54-9A1E7A4F7556}") = "DTShop.PaymentService.Core", "DTShop.PaymentService.Core\DTShop.PaymentService.Core.csproj", "{938F5A05-B858-453E-B1C6-72A3C2D6A4B6}"
EndProject
Project("{FAE04EC0-301F-11D3-BF4B-00C04F79EFBC}") = "DTShop.PaymentService.Data", "DTShop.PaymentService.Data\DTShop.PaymentService.Data.csproj", "{C1440FFC-91CB-4569-8D5E-FDBD6750DF08}"
EndProject
Global
	GlobalSection(SolutionConfigurationPlatforms) = preSolution
		Debug|Any CPU = Debug|Any CPU
		Release|Any CPU = Release|Any CPU
	EndGlobalSection
	GlobalSection(ProjectConfigurationPlatforms) = postSolution
		{3B8D1F62-8E04-43F1-8351-60E7B3A0C6B3}.Debug|Any CPU.ActiveCfg = Debug|Any CPU
		{3B8D1F62-8E04-43F1-8351-60E7B3A0C6B3}.Debug|Any CPU.Build.0 = Debug|Any CPU
		{3B8D1F62-8E04-43F1-8351-60E7B3A0C6B3}.Release|Any CPU.ActiveCfg = Release|Any CPU
		{3B8D1F62-8E04-43F1-8351-60E7B3A0C6B3}.Release|Any CPU.Build.0 = Release|Any CPU
		{938F5A05-B858-453E-B1C6-72A3C2D6A4B6}.Debug|Any CPU.ActiveCfg = Debug|Any CPU
		{938F5A05-B858-453E-B1C6-72A3C2D6A4B6}.Debug|Any CPU.Build.0 = Debug|Any CPU
		{938F5A05-B858-453E-B1C6-72A3C2D6A4B6}.Release|Any CPU.ActiveCfg = Release|Any CPU
		{938F5A05-B858-453E-B1C6-72A3C2D6A4B6}.Release|Any CPU.Build.0 = Release|Any CPU
		{C1440FFC-91CB-4569-8D5E-FDBD6750DF08}.Debug|Any CPU.ActiveCfg = Debug|Any CPU
		{C1440FFC-91CB-4569-8D5E-FDBD6750DF08}.Debug|Any CPU.Build.0 = Debug|Any CPU
		{C1440FFC-91CB-4569-8D5E-FDBD6750DF08}.Release|Any CPU.ActiveCfg = Release|Any CPU
		{C1440FFC-91CB-4569-8D5E-FDBD6750DF08}.Release|Any CPU.Build.0 = Release|Any CPU
	EndGlobalSection
	GlobalSection(SolutionProperties) = preSolution
		HideSolutionNode = FALSE
	EndGlobalSection
	GlobalSection(ExtensibilityGlobals) = postSolution
		SolutionGuid = {14367F8F-23B4-4A18-959C-1E5158365229}
	EndGlobalSection
EndGlobal
